
Microsoft Visual Studio Solution File, Format Version 10.00
# Visual Studio 2008
Project("{2150E333-8FDC-42A3-9474-1A3956D46DE8}") = "Solution Items", "Solution Items", "{484CF3FF-5CEA-4C82-A937-949100142455}"
	ProjectSection(SolutionItems) = preProject
		localtestrun.testrunconfig = localtestrun.testrunconfig
		PublishDrop.cmd = PublishDrop.cmd
		Readme.htm = Readme.htm
		Updates.xml = Updates.xml
		Updates.xsd = Updates.xsd
		Updates.xslt = Updates.xslt
		xmlnotepad1.vsmdi = xmlnotepad1.vsmdi
	EndProjectSection
EndProject
Project("{FAE04EC0-301F-11D3-BF4B-00C04F79EFBC}") = "XmlNotepad", "XmlNotepad\XmlNotepad.csproj", "{E401BDD0-8862-4818-98BD-83E457607E16}"
EndProject
Project("{FAE04EC0-301F-11D3-BF4B-00C04F79EFBC}") = "Application", "Application\Application.csproj", "{07661035-BFE2-4169-ADEF-364839871457}"
EndProject
Project("{FAE04EC0-301F-11D3-BF4B-00C04F79EFBC}") = "Help", "Help\Help.csproj", "{D5A258A0-A411-4A69-9062-9ED943995169}"
EndProject
Project("{FAE04EC0-301F-11D3-BF4B-00C04F79EFBC}") = "XmlDiffView8", "..\XmlDiff\samples\XmlDiffView\XmlDiffView8.csproj", "{694D8B35-E80F-4DAF-B454-6BB992630ECA}"
EndProject
Project("{FAE04EC0-301F-11D3-BF4B-00C04F79EFBC}") = "XmlDiffPatch8", "..\XmlDiff\src\XmlDiffPatch8.csproj", "{8BA90DA5-E8EB-4DEC-9D41-951D012B90CE}"
EndProject
Project("{FAE04EC0-301F-11D3-BF4B-00C04F79EFBC}") = "FontBuilder", "FontBuilder\FontBuilder.csproj", "{C33DB045-65F8-45F1-A703-C7D2969F06CA}"
EndProject
Global
	GlobalSection(TestCaseManagementSettings) = postSolution
		CategoryFile = xmlnotepad1.vsmdi
	EndGlobalSection
	GlobalSection(SolutionConfigurationPlatforms) = preSolution
		Debug|Any CPU = Debug|Any CPU
		Release|Any CPU = Release|Any CPU
	EndGlobalSection
	GlobalSection(ProjectConfigurationPlatforms) = postSolution
		{E401BDD0-8862-4818-98BD-83E457607E16}.Debug|Any CPU.ActiveCfg = Debug|Any CPU
		{E401BDD0-8862-4818-98BD-83E457607E16}.Debug|Any CPU.Build.0 = Debug|Any CPU
		{E401BDD0-8862-4818-98BD-83E457607E16}.Release|Any CPU.ActiveCfg = Release|Any CPU
		{E401BDD0-8862-4818-98BD-83E457607E16}.Release|Any CPU.Build.0 = Release|Any CPU
		{07661035-BFE2-4169-ADEF-364839871457}.Debug|Any CPU.ActiveCfg = Debug|Any CPU
		{07661035-BFE2-4169-ADEF-364839871457}.Debug|Any CPU.Build.0 = Debug|Any CPU
		{07661035-BFE2-4169-ADEF-364839871457}.Release|Any CPU.ActiveCfg = Release|Any CPU
		{07661035-BFE2-4169-ADEF-364839871457}.Release|Any CPU.Build.0 = Release|Any CPU
		{D5A258A0-A411-4A69-9062-9ED943995169}.Debug|Any CPU.ActiveCfg = Debug|Any CPU
		{D5A258A0-A411-4A69-9062-9ED943995169}.Debug|Any CPU.Build.0 = Debug|Any CPU
		{D5A258A0-A411-4A69-9062-9ED943995169}.Release|Any CPU.ActiveCfg = Release|Any CPU
		{D5A258A0-A411-4A69-9062-9ED943995169}.Release|Any CPU.Build.0 = Release|Any CPU
		{694D8B35-E80F-4DAF-B454-6BB992630ECA}.Debug|Any CPU.ActiveCfg = Debug|Any CPU
		{694D8B35-E80F-4DAF-B454-6BB992630ECA}.Debug|Any CPU.Build.0 = Debug|Any CPU
		{694D8B35-E80F-4DAF-B454-6BB992630ECA}.Release|Any CPU.ActiveCfg = Release|Any CPU
		{694D8B35-E80F-4DAF-B454-6BB992630ECA}.Release|Any CPU.Build.0 = Release|Any CPU
		{8BA90DA5-E8EB-4DEC-9D41-951D012B90CE}.Debug|Any CPU.ActiveCfg = Debug|Any CPU
		{8BA90DA5-E8EB-4DEC-9D41-951D012B90CE}.Debug|Any CPU.Build.0 = Debug|Any CPU
		{8BA90DA5-E8EB-4DEC-9D41-951D012B90CE}.Release|Any CPU.ActiveCfg = Release|Any CPU
		{8BA90DA5-E8EB-4DEC-9D41-951D012B90CE}.Release|Any CPU.Build.0 = Release|Any CPU
		{C33DB045-65F8-45F1-A703-C7D2969F06CA}.Debug|Any CPU.ActiveCfg = Debug|Any CPU
		{C33DB045-65F8-45F1-A703-C7D2969F06CA}.Debug|Any CPU.Build.0 = Debug|Any CPU
		{C33DB045-65F8-45F1-A703-C7D2969F06CA}.Release|Any CPU.ActiveCfg = Release|Any CPU
		{C33DB045-65F8-45F1-A703-C7D2969F06CA}.Release|Any CPU.Build.0 = Release|Any CPU
	EndGlobalSection
	GlobalSection(SolutionProperties) = preSolution
		HideSolutionNode = FALSE
	EndGlobalSection
	GlobalSection(TeamFoundationVersionControl) = preSolution
		SccNumberOfProjects = 8
		SccEnterpriseProvider = {4CA58AB2-18FA-4F8D-95D4-32DDF27D184C}
		SccTeamFoundationServer = https://tfs03.codeplex.com/
		SccLocalPath0 = .
		SccProjectUniqueName1 = ..\\XmlDiff\\samples\\XmlDiffView\\XmlDiffView8.csproj
		SccProjectName1 = ../XmlDiff/samples/XmlDiffView
		SccLocalPath1 = ..\\XmlDiff\\samples\\XmlDiffView
		SccProjectUniqueName2 = ..\\XmlDiff\\src\\XmlDiffPatch8.csproj
		SccProjectName2 = ../XmlDiff/src
		SccLocalPath2 = ..\\XmlDiff\\src
		SccProjectUniqueName3 = Application\\Application.csproj
		SccProjectName3 = Application
		SccLocalPath3 = Application
		SccProjectUniqueName4 = FontBuilder\\FontBuilder.csproj
		SccProjectName4 = FontBuilder
		SccLocalPath4 = FontBuilder
		SccProjectUniqueName5 = Help\\Help.csproj
		SccProjectName5 = Help
		SccLocalPath5 = Help
		SccProjectUniqueName6 = UnitTests\\UnitTests.csproj
		SccProjectName6 = UnitTests
		SccLocalPath6 = UnitTests
		SccProjectUniqueName7 = XmlNotepad\\XmlNotepad.csproj
		SccProjectName7 = XmlNotepad
		SccLocalPath7 = XmlNotepad
	EndGlobalSection
EndGlobal
